{
  "nodes": {
    "devenv": {
      "locked": {
        "dir": "src/modules",
        "lastModified": 1773077419,
        "narHash": "sha256-Vr3Zrg4DEm4xy0StawiTEUs8TXruj1WdRZyDhlq1aPg=",
        "owner": "cachix",
        "repo": "devenv",
        "rev": "2105b1a0272e32b0d6a9e213b1c381ab4ae4a692",
        "type": "github"
      },
      "original": {
        "dir": "src/modules",
        "owner": "cachix",
        "repo": "devenv",
        "type": "github"
      }
    },
    "devenv-module-devcontainer": {
      "flake": false,
      "locked": {
        "lastModified": 1772985947,
        "narHash": "sha256-Ie4wWxbg5hFkPUyoBqJLIDVPQfBVrgGVKrkbT6qLLYs=",
        "owner": "datakurre",
        "repo": "devenv-module-devcontainer",
        "rev": "bde2966fda08382e4e3405ac1af55ee22ef75eb3",
        "type": "github"
      },
      "original": {
        "owner": "datakurre",
        "repo": "devenv-module-devcontainer",
        "type": "github"
      }
    },
    "nixpkgs": {
      "locked": {
        "lastModified": 1773083243,
        "narHash": "sha256-91crhUnw+eGWXqNVY6+zTmQzALMgHbl2chu9R9ESgDs=",
        "owner": "nixos",
        "repo": "nixpkgs",
        "rev": "0b161956946456cf0acda431e7c97298bf929cdf",
        "type": "github"
      },
      "original": {
        "owner": "nixos",
        "repo": "nixpkgs",
        "type": "github"
      }
    },
    "root": {
      "inputs": {
        "devenv": "devenv",
        "devenv-module-devcontainer": "devenv-module-devcontainer",
        "nixpkgs": "nixpkgs"
      }
    }
  },
  "root": "root",
  "version": 7
}