{
  "nodes": {
    "devenv": {
      "locked": {
        "dir": "src/modules",
        "lastModified": 1775147763,
        "narHash": "sha256-VY+Vemh6/KcOquICLIzM/WPoBWNgp0issGO0ytXydU0=",
        "owner": "cachix",
        "repo": "devenv",
        "rev": "ad4d771adec17a35c347f0eef2419de642db3db4",
        "type": "github"
      },
      "original": {
        "dir": "src/modules",
        "owner": "cachix",
        "repo": "devenv",
        "type": "github"
      }
    },
    "nixpkgs": {
      "locked": {
        "lastModified": 1775158684,
        "narHash": "sha256-N0lfdGiM6xNVnN+baVKt98l3E3wovlhgWNcIX2BALvM=",
        "owner": "nixos",
        "repo": "nixpkgs",
        "rev": "cc0b76230dcabf7a8eca582b0994a08ffc4cb80e",
        "type": "github"
      },
      "original": {
        "owner": "nixos",
        "repo": "nixpkgs",
        "type": "github"
      }
    },
    "root": {
      "inputs": {
        "devenv": "devenv",
        "nixpkgs": "nixpkgs"
      }
    }
  },
  "root": "root",
  "version": 7
}