{
  "nodes": {
    "devenv": {
      "locked": {
        "dir": "src/modules",
        "lastModified": 1773273745,
        "narHash": "sha256-poUn0001nXGKTxZpy+RhtO7Il/sKmJCmuxeyVqFNTbg=",
        "owner": "cachix",
        "repo": "devenv",
        "rev": "2e5cfe21801beb8323d60689d9a82b5adc847988",
        "type": "github"
      },
      "original": {
        "dir": "src/modules",
        "owner": "cachix",
        "repo": "devenv",
        "type": "github"
      }
    },
    "devenv-module-devcontainer": {
      "flake": false,
      "locked": {
        "lastModified": 1772985947,
        "narHash": "sha256-Ie4wWxbg5hFkPUyoBqJLIDVPQfBVrgGVKrkbT6qLLYs=",
        "owner": "datakurre",
        "repo": "devenv-module-devcontainer",
        "rev": "bde2966fda08382e4e3405ac1af55ee22ef75eb3",
        "type": "github"
      },
      "original": {
        "owner": "datakurre",
        "repo": "devenv-module-devcontainer",
        "type": "github"
      }
    },
    "nixpkgs": {
      "locked": {
        "lastModified": 1773291389,
        "narHash": "sha256-YNZvel3oDduw6WdmSQWOMLy7KR7hp2hyuUZzpfzVzcs=",
        "owner": "nixos",
        "repo": "nixpkgs",
        "rev": "eac9adc9cc293c4cec9686f9ae534cf21a5f7c7e",
        "type": "github"
      },
      "original": {
        "owner": "nixos",
        "repo": "nixpkgs",
        "type": "github"
      }
    },
    "root": {
      "inputs": {
        "devenv": "devenv",
        "devenv-module-devcontainer": "devenv-module-devcontainer",
        "nixpkgs": "nixpkgs"
      }
    }
  },
  "root": "root",
  "version": 7
}